
Microsoft Visual Studio Solution File, Format Version 12.00
# Visual Studio 14
VisualStudioVersion = 14.0.25420.1
MinimumVisualStudioVersion = 10.0.40219.1
Project("{FAE04EC0-301F-11D3-BF4B-00C04F79EFBC}") = "PharmacyManagement", "PharmacyManagement\PharmacyManagement.csproj", "{DF0868F0-3A7E-4E83-8A51-CA3F54BD6D7A}"
EndProject
Project("{FAE04EC0-301F-11D3-BF4B-00C04F79EFBC}") = "DAL", "DAL\DAL.csproj", "{4DC0A872-A50F-4F0F-96F9-596BDAAC82C1}"
EndProject
Project("{FAE04EC0-301F-11D3-BF4B-00C04F79EFBC}") = "BLL", "BLL\BLL.csproj", "{83562505-325D-4285-ABB7-F5CEB8603785}"
EndProject
Global
	GlobalSection(SolutionConfigurationPlatforms) = preSolution
		Debug|Any CPU = Debug|Any CPU
		Release|Any CPU = Release|Any CPU
	EndGlobalSection
	GlobalSection(ProjectConfigurationPlatforms) = postSolution
		{DF0868F0-3A7E-4E83-8A51-CA3F54BD6D7A}.Debug|Any CPU.ActiveCfg = Debug|Any CPU
		{DF0868F0-3A7E-4E83-8A51-CA3F54BD6D7A}.Debug|Any CPU.Build.0 = Debug|Any CPU
		{DF0868F0-3A7E-4E83-8A51-CA3F54BD6D7A}.Release|Any CPU.ActiveCfg = Release|Any CPU
		{DF0868F0-3A7E-4E83-8A51-CA3F54BD6D7A}.Release|Any CPU.Build.0 = Release|Any CPU
		{4DC0A872-A50F-4F0F-96F9-596BDAAC82C1}.Debug|Any CPU.ActiveCfg = Debug|Any CPU
		{4DC0A872-A50F-4F0F-96F9-596BDAAC82C1}.Debug|Any CPU.Build.0 = Debug|Any CPU
		{4DC0A872-A50F-4F0F-96F9-596BDAAC82C1}.Release|Any CPU.ActiveCfg = Release|Any CPU
		{4DC0A872-A50F-4F0F-96F9-596BDAAC82C1}.Release|Any CPU.Build.0 = Release|Any CPU
		{83562505-325D-4285-ABB7-F5CEB8603785}.Debug|Any CPU.ActiveCfg = Debug|Any CPU
		{83562505-325D-4285-ABB7-F5CEB8603785}.Debug|Any CPU.Build.0 = Debug|Any CPU
		{83562505-325D-4285-ABB7-F5CEB8603785}.Release|Any CPU.ActiveCfg = Release|Any CPU
		{83562505-325D-4285-ABB7-F5CEB8603785}.Release|Any CPU.Build.0 = Release|Any CPU
	EndGlobalSection
	GlobalSection(SolutionProperties) = preSolution
		HideSolutionNode = FALSE
	EndGlobalSection
EndGlobal
